
Microsoft Visual Studio Solution File, Format Version 12.00
# Visual Studio Version 16
VisualStudioVersion = 16.0.29519.181
MinimumVisualStudioVersion = 10.0.40219.1
Project("{FAE04EC0-301F-11D3-BF4B-00C04F79EFBC}") = "WPFDesktopApp", "WPFDesktopApp\WPFDesktopApp.csproj", "{AE535789-769B-4435-995F-3E13335BBD80}"
EndProject
Global
	GlobalSection(SolutionConfigurationPlatforms) = preSolution
		Debug|Any CPU = Debug|Any CPU
		Release|Any CPU = Release|Any CPU
	EndGlobalSection
	GlobalSection(ProjectConfigurationPlatforms) = postSolution
		{AE535789-769B-4435-995F-3E13335BBD80}.Debug|Any CPU.ActiveCfg = Debug|Any CPU
		{AE535789-769B-4435-995F-3E13335BBD80}.Debug|Any CPU.Build.0 = Debug|Any CPU
		{AE535789-769B-4435-995F-3E13335BBD80}.Release|Any CPU.ActiveCfg = Release|Any CPU
		{AE535789-769B-4435-995F-3E13335BBD80}.Release|Any CPU.Build.0 = Release|Any CPU
	EndGlobalSection
	GlobalSection(SolutionProperties) = preSolution
		HideSolutionNode = FALSE
	EndGlobalSection
	GlobalSection(ExtensibilityGlobals) = postSolution
		SolutionGuid = {FF969AA0-FEF3-45FC-8BA4-BF9E6B3C8B54}
	EndGlobalSection
EndGlobal
